
Microsoft Visual Studio Solution File, Format Version 12.00
# Visual Studio Version 16
VisualStudioVersion = 16.0.31205.134
MinimumVisualStudioVersion = 10.0.40219.1
Project("{8BC9CEB8-8B4A-11D0-8D11-00A0C91BC942}") = "Problem_4485", "Problem_4485\Problem_4485.vcxproj", "{6898CE7E-1561-4D0F-B1BB-F71BAF5418CF}"
EndProject
Global
	GlobalSection(SolutionConfigurationPlatforms) = preSolution
		Debug|x64 = Debug|x64
		Debug|x86 = Debug|x86
		Release|x64 = Release|x64
		Release|x86 = Release|x86
	EndGlobalSection
	GlobalSection(ProjectConfigurationPlatforms) = postSolution
		{6898CE7E-1561-4D0F-B1BB-F71BAF5418CF}.Debug|x64.ActiveCfg = Debug|x64
		{6898CE7E-1561-4D0F-B1BB-F71BAF5418CF}.Debug|x64.Build.0 = Debug|x64
		{6898CE7E-1561-4D0F-B1BB-F71BAF5418CF}.Debug|x86.ActiveCfg = Debug|Win32
		{6898CE7E-1561-4D0F-B1BB-F71BAF5418CF}.Debug|x86.Build.0 = Debug|Win32
		{6898CE7E-1561-4D0F-B1BB-F71BAF5418CF}.Release|x64.ActiveCfg = Release|x64
		{6898CE7E-1561-4D0F-B1BB-F71BAF5418CF}.Release|x64.Build.0 = Release|x64
		{6898CE7E-1561-4D0F-B1BB-F71BAF5418CF}.Release|x86.ActiveCfg = Release|Win32
		{6898CE7E-1561-4D0F-B1BB-F71BAF5418CF}.Release|x86.Build.0 = Release|Win32
	EndGlobalSection
	GlobalSection(SolutionProperties) = preSolution
		HideSolutionNode = FALSE
	EndGlobalSection
	GlobalSection(ExtensibilityGlobals) = postSolution
		SolutionGuid = {DE230CCB-BC6E-4689-AC4E-E35B9EDC7BC4}
	EndGlobalSection
EndGlobal
