
Microsoft Visual Studio Solution File, Format Version 12.00
# Visual Studio Version 16
VisualStudioVersion = 16.0.31205.134
MinimumVisualStudioVersion = 10.0.40219.1
Project("{8BC9CEB8-8B4A-11D0-8D11-00A0C91BC942}") = "Problem_1132", "Problem_1132\Problem_1132.vcxproj", "{534D7575-F824-4F5C-AC54-3A26F3EF4212}"
EndProject
Global
	GlobalSection(SolutionConfigurationPlatforms) = preSolution
		Debug|x64 = Debug|x64
		Debug|x86 = Debug|x86
		Release|x64 = Release|x64
		Release|x86 = Release|x86
	EndGlobalSection
	GlobalSection(ProjectConfigurationPlatforms) = postSolution
		{534D7575-F824-4F5C-AC54-3A26F3EF4212}.Debug|x64.ActiveCfg = Debug|x64
		{534D7575-F824-4F5C-AC54-3A26F3EF4212}.Debug|x64.Build.0 = Debug|x64
		{534D7575-F824-4F5C-AC54-3A26F3EF4212}.Debug|x86.ActiveCfg = Debug|Win32
		{534D7575-F824-4F5C-AC54-3A26F3EF4212}.Debug|x86.Build.0 = Debug|Win32
		{534D7575-F824-4F5C-AC54-3A26F3EF4212}.Release|x64.ActiveCfg = Release|x64
		{534D7575-F824-4F5C-AC54-3A26F3EF4212}.Release|x64.Build.0 = Release|x64
		{534D7575-F824-4F5C-AC54-3A26F3EF4212}.Release|x86.ActiveCfg = Release|Win32
		{534D7575-F824-4F5C-AC54-3A26F3EF4212}.Release|x86.Build.0 = Release|Win32
	EndGlobalSection
	GlobalSection(SolutionProperties) = preSolution
		HideSolutionNode = FALSE
	EndGlobalSection
	GlobalSection(ExtensibilityGlobals) = postSolution
		SolutionGuid = {A1DA7B3F-B342-4DDC-BF34-0D6940F8B6E4}
	EndGlobalSection
EndGlobal
