
Microsoft Visual Studio Solution File, Format Version 12.00
# Visual Studio Version 16
VisualStudioVersion = 16.0.31205.134
MinimumVisualStudioVersion = 10.0.40219.1
Project("{8BC9CEB8-8B4A-11D0-8D11-00A0C91BC942}") = "Proble_24262", "Proble_24262\Proble_24262.vcxproj", "{F8EF6807-2A7E-4B83-A61F-24FC03799FA7}"
EndProject
Global
	GlobalSection(SolutionConfigurationPlatforms) = preSolution
		Debug|x64 = Debug|x64
		Debug|x86 = Debug|x86
		Release|x64 = Release|x64
		Release|x86 = Release|x86
	EndGlobalSection
	GlobalSection(ProjectConfigurationPlatforms) = postSolution
		{F8EF6807-2A7E-4B83-A61F-24FC03799FA7}.Debug|x64.ActiveCfg = Debug|x64
		{F8EF6807-2A7E-4B83-A61F-24FC03799FA7}.Debug|x64.Build.0 = Debug|x64
		{F8EF6807-2A7E-4B83-A61F-24FC03799FA7}.Debug|x86.ActiveCfg = Debug|Win32
		{F8EF6807-2A7E-4B83-A61F-24FC03799FA7}.Debug|x86.Build.0 = Debug|Win32
		{F8EF6807-2A7E-4B83-A61F-24FC03799FA7}.Release|x64.ActiveCfg = Release|x64
		{F8EF6807-2A7E-4B83-A61F-24FC03799FA7}.Release|x64.Build.0 = Release|x64
		{F8EF6807-2A7E-4B83-A61F-24FC03799FA7}.Release|x86.ActiveCfg = Release|Win32
		{F8EF6807-2A7E-4B83-A61F-24FC03799FA7}.Release|x86.Build.0 = Release|Win32
	EndGlobalSection
	GlobalSection(SolutionProperties) = preSolution
		HideSolutionNode = FALSE
	EndGlobalSection
	GlobalSection(ExtensibilityGlobals) = postSolution
		SolutionGuid = {D87E00D0-0EA4-4445-996D-5DE51810C501}
	EndGlobalSection
EndGlobal
