
Microsoft Visual Studio Solution File, Format Version 12.00
# Visual Studio Version 16
VisualStudioVersion = 16.0.31205.134
MinimumVisualStudioVersion = 10.0.40219.1
Project("{8BC9CEB8-8B4A-11D0-8D11-00A0C91BC942}") = "Problem_10811", "Problem_10811\Problem_10811.vcxproj", "{D1CBFB86-D066-4FE9-B7F6-C7E572B8E9E9}"
EndProject
Global
	GlobalSection(SolutionConfigurationPlatforms) = preSolution
		Debug|x64 = Debug|x64
		Debug|x86 = Debug|x86
		Release|x64 = Release|x64
		Release|x86 = Release|x86
	EndGlobalSection
	GlobalSection(ProjectConfigurationPlatforms) = postSolution
		{D1CBFB86-D066-4FE9-B7F6-C7E572B8E9E9}.Debug|x64.ActiveCfg = Debug|x64
		{D1CBFB86-D066-4FE9-B7F6-C7E572B8E9E9}.Debug|x64.Build.0 = Debug|x64
		{D1CBFB86-D066-4FE9-B7F6-C7E572B8E9E9}.Debug|x86.ActiveCfg = Debug|Win32
		{D1CBFB86-D066-4FE9-B7F6-C7E572B8E9E9}.Debug|x86.Build.0 = Debug|Win32
		{D1CBFB86-D066-4FE9-B7F6-C7E572B8E9E9}.Release|x64.ActiveCfg = Release|x64
		{D1CBFB86-D066-4FE9-B7F6-C7E572B8E9E9}.Release|x64.Build.0 = Release|x64
		{D1CBFB86-D066-4FE9-B7F6-C7E572B8E9E9}.Release|x86.ActiveCfg = Release|Win32
		{D1CBFB86-D066-4FE9-B7F6-C7E572B8E9E9}.Release|x86.Build.0 = Release|Win32
	EndGlobalSection
	GlobalSection(SolutionProperties) = preSolution
		HideSolutionNode = FALSE
	EndGlobalSection
	GlobalSection(ExtensibilityGlobals) = postSolution
		SolutionGuid = {3BA5319F-BCBE-4B8F-BBE0-D6E8F0ED35BB}
	EndGlobalSection
EndGlobal
