
Microsoft Visual Studio Solution File, Format Version 12.00
# Visual Studio Version 16
VisualStudioVersion = 16.0.31205.134
MinimumVisualStudioVersion = 10.0.40219.1
Project("{8BC9CEB8-8B4A-11D0-8D11-00A0C91BC942}") = "Problem_12100", "Problem_12100\Problem_12100.vcxproj", "{EB9804A7-0B0C-4E0B-9D39-70EC273C37CA}"
EndProject
Global
	GlobalSection(SolutionConfigurationPlatforms) = preSolution
		Debug|x64 = Debug|x64
		Debug|x86 = Debug|x86
		Release|x64 = Release|x64
		Release|x86 = Release|x86
	EndGlobalSection
	GlobalSection(ProjectConfigurationPlatforms) = postSolution
		{EB9804A7-0B0C-4E0B-9D39-70EC273C37CA}.Debug|x64.ActiveCfg = Debug|x64
		{EB9804A7-0B0C-4E0B-9D39-70EC273C37CA}.Debug|x64.Build.0 = Debug|x64
		{EB9804A7-0B0C-4E0B-9D39-70EC273C37CA}.Debug|x86.ActiveCfg = Debug|Win32
		{EB9804A7-0B0C-4E0B-9D39-70EC273C37CA}.Debug|x86.Build.0 = Debug|Win32
		{EB9804A7-0B0C-4E0B-9D39-70EC273C37CA}.Release|x64.ActiveCfg = Release|x64
		{EB9804A7-0B0C-4E0B-9D39-70EC273C37CA}.Release|x64.Build.0 = Release|x64
		{EB9804A7-0B0C-4E0B-9D39-70EC273C37CA}.Release|x86.ActiveCfg = Release|Win32
		{EB9804A7-0B0C-4E0B-9D39-70EC273C37CA}.Release|x86.Build.0 = Release|Win32
	EndGlobalSection
	GlobalSection(SolutionProperties) = preSolution
		HideSolutionNode = FALSE
	EndGlobalSection
	GlobalSection(ExtensibilityGlobals) = postSolution
		SolutionGuid = {59BFA937-A716-41A8-950E-62CEBB9C5943}
	EndGlobalSection
EndGlobal
