
Microsoft Visual Studio Solution File, Format Version 12.00
# Visual Studio Version 16
VisualStudioVersion = 16.0.31205.134
MinimumVisualStudioVersion = 10.0.40219.1
Project("{8BC9CEB8-8B4A-11D0-8D11-00A0C91BC942}") = "Problem_7570", "Problem_7570\Problem_7570.vcxproj", "{5325962B-4DC0-4F44-AD93-AC60B456EBE3}"
EndProject
Global
	GlobalSection(SolutionConfigurationPlatforms) = preSolution
		Debug|x64 = Debug|x64
		Debug|x86 = Debug|x86
		Release|x64 = Release|x64
		Release|x86 = Release|x86
	EndGlobalSection
	GlobalSection(ProjectConfigurationPlatforms) = postSolution
		{5325962B-4DC0-4F44-AD93-AC60B456EBE3}.Debug|x64.ActiveCfg = Debug|x64
		{5325962B-4DC0-4F44-AD93-AC60B456EBE3}.Debug|x64.Build.0 = Debug|x64
		{5325962B-4DC0-4F44-AD93-AC60B456EBE3}.Debug|x86.ActiveCfg = Debug|Win32
		{5325962B-4DC0-4F44-AD93-AC60B456EBE3}.Debug|x86.Build.0 = Debug|Win32
		{5325962B-4DC0-4F44-AD93-AC60B456EBE3}.Release|x64.ActiveCfg = Release|x64
		{5325962B-4DC0-4F44-AD93-AC60B456EBE3}.Release|x64.Build.0 = Release|x64
		{5325962B-4DC0-4F44-AD93-AC60B456EBE3}.Release|x86.ActiveCfg = Release|Win32
		{5325962B-4DC0-4F44-AD93-AC60B456EBE3}.Release|x86.Build.0 = Release|Win32
	EndGlobalSection
	GlobalSection(SolutionProperties) = preSolution
		HideSolutionNode = FALSE
	EndGlobalSection
	GlobalSection(ExtensibilityGlobals) = postSolution
		SolutionGuid = {29EFF96C-5A57-4B1E-9744-7CC08FB04482}
	EndGlobalSection
EndGlobal
