
Microsoft Visual Studio Solution File, Format Version 12.00
# Visual Studio Version 16
VisualStudioVersion = 16.0.31205.134
MinimumVisualStudioVersion = 10.0.40219.1
Project("{8BC9CEB8-8B4A-11D0-8D11-00A0C91BC942}") = "Problem_14940", "Problem_14940\Problem_14940.vcxproj", "{131E6488-9F44-4F8A-8A1D-DD687CEAA34E}"
EndProject
Global
	GlobalSection(SolutionConfigurationPlatforms) = preSolution
		Debug|x64 = Debug|x64
		Debug|x86 = Debug|x86
		Release|x64 = Release|x64
		Release|x86 = Release|x86
	EndGlobalSection
	GlobalSection(ProjectConfigurationPlatforms) = postSolution
		{131E6488-9F44-4F8A-8A1D-DD687CEAA34E}.Debug|x64.ActiveCfg = Debug|x64
		{131E6488-9F44-4F8A-8A1D-DD687CEAA34E}.Debug|x64.Build.0 = Debug|x64
		{131E6488-9F44-4F8A-8A1D-DD687CEAA34E}.Debug|x86.ActiveCfg = Debug|Win32
		{131E6488-9F44-4F8A-8A1D-DD687CEAA34E}.Debug|x86.Build.0 = Debug|Win32
		{131E6488-9F44-4F8A-8A1D-DD687CEAA34E}.Release|x64.ActiveCfg = Release|x64
		{131E6488-9F44-4F8A-8A1D-DD687CEAA34E}.Release|x64.Build.0 = Release|x64
		{131E6488-9F44-4F8A-8A1D-DD687CEAA34E}.Release|x86.ActiveCfg = Release|Win32
		{131E6488-9F44-4F8A-8A1D-DD687CEAA34E}.Release|x86.Build.0 = Release|Win32
	EndGlobalSection
	GlobalSection(SolutionProperties) = preSolution
		HideSolutionNode = FALSE
	EndGlobalSection
	GlobalSection(ExtensibilityGlobals) = postSolution
		SolutionGuid = {BEC2BA15-5C41-4EE0-AC2D-327D39436BB0}
	EndGlobalSection
EndGlobal
