
Microsoft Visual Studio Solution File, Format Version 12.00
# Visual Studio Version 16
VisualStudioVersion = 16.0.31205.134
MinimumVisualStudioVersion = 10.0.40219.1
Project("{8BC9CEB8-8B4A-11D0-8D11-00A0C91BC942}") = "Problem_9657", "Problem_9657\Problem_9657.vcxproj", "{1F458393-2F91-42A6-AADD-E95D4DD2DF12}"
EndProject
Global
	GlobalSection(SolutionConfigurationPlatforms) = preSolution
		Debug|x64 = Debug|x64
		Debug|x86 = Debug|x86
		Release|x64 = Release|x64
		Release|x86 = Release|x86
	EndGlobalSection
	GlobalSection(ProjectConfigurationPlatforms) = postSolution
		{1F458393-2F91-42A6-AADD-E95D4DD2DF12}.Debug|x64.ActiveCfg = Debug|x64
		{1F458393-2F91-42A6-AADD-E95D4DD2DF12}.Debug|x64.Build.0 = Debug|x64
		{1F458393-2F91-42A6-AADD-E95D4DD2DF12}.Debug|x86.ActiveCfg = Debug|Win32
		{1F458393-2F91-42A6-AADD-E95D4DD2DF12}.Debug|x86.Build.0 = Debug|Win32
		{1F458393-2F91-42A6-AADD-E95D4DD2DF12}.Release|x64.ActiveCfg = Release|x64
		{1F458393-2F91-42A6-AADD-E95D4DD2DF12}.Release|x64.Build.0 = Release|x64
		{1F458393-2F91-42A6-AADD-E95D4DD2DF12}.Release|x86.ActiveCfg = Release|Win32
		{1F458393-2F91-42A6-AADD-E95D4DD2DF12}.Release|x86.Build.0 = Release|Win32
	EndGlobalSection
	GlobalSection(SolutionProperties) = preSolution
		HideSolutionNode = FALSE
	EndGlobalSection
	GlobalSection(ExtensibilityGlobals) = postSolution
		SolutionGuid = {0442D34B-C07B-4C31-8585-F36DCCEC6906}
	EndGlobalSection
EndGlobal
